
Microsoft Visual Studio Solution File, Format Version 12.00
# Visual Studio 2012
Project("{FAE04EC0-301F-11D3-BF4B-00C04F79EFBC}") = "TDDConWilkinson", "TDDConWilkinson\TDDConWilkinson.csproj", "{6EFBCE95-2759-4C04-A212-E6B58092C787}"
EndProject
Global
	GlobalSection(SolutionConfigurationPlatforms) = preSolution
		Debug|Any CPU = Debug|Any CPU
		Release|Any CPU = Release|Any CPU
	EndGlobalSection
	GlobalSection(ProjectConfigurationPlatforms) = postSolution
		{6EFBCE95-2759-4C04-A212-E6B58092C787}.Debug|Any CPU.ActiveCfg = Debug|Any CPU
		{6EFBCE95-2759-4C04-A212-E6B58092C787}.Debug|Any CPU.Build.0 = Debug|Any CPU
		{6EFBCE95-2759-4C04-A212-E6B58092C787}.Release|Any CPU.ActiveCfg = Release|Any CPU
		{6EFBCE95-2759-4C04-A212-E6B58092C787}.Release|Any CPU.Build.0 = Release|Any CPU
	EndGlobalSection
EndGlobal
